
Microsoft Visual Studio Solution File, Format Version 12.00
# Visual Studio Version 17
VisualStudioVersion = 17.14.36202.13 d17.14
MinimumVisualStudioVersion = 10.0.40219.1
Project("{FAE04EC0-301F-11D3-BF4B-00C04F79EFBC}") = "orikes", "orikes.csproj", "{DA0520C3-502C-49D4-8C6D-F8DA3FBBC89F}"
EndProject
Global
	GlobalSection(SolutionConfigurationPlatforms) = preSolution
		Debug|Any CPU = Debug|Any CPU
		Release|Any CPU = Release|Any CPU
	EndGlobalSection
	GlobalSection(ProjectConfigurationPlatforms) = postSolution
		{DA0520C3-502C-49D4-8C6D-F8DA3FBBC89F}.Debug|Any CPU.ActiveCfg = Debug|Any CPU
		{DA0520C3-502C-49D4-8C6D-F8DA3FBBC89F}.Debug|Any CPU.Build.0 = Debug|Any CPU
		{DA0520C3-502C-49D4-8C6D-F8DA3FBBC89F}.Release|Any CPU.ActiveCfg = Release|Any CPU
		{DA0520C3-502C-49D4-8C6D-F8DA3FBBC89F}.Release|Any CPU.Build.0 = Release|Any CPU
	EndGlobalSection
	GlobalSection(SolutionProperties) = preSolution
		HideSolutionNode = FALSE
	EndGlobalSection
	GlobalSection(ExtensibilityGlobals) = postSolution
		SolutionGuid = {40308AAC-CC23-4F85-B334-D77D380B4F5B}
	EndGlobalSection
EndGlobal
